
Microsoft Visual Studio Solution File, Format Version 12.00
# Visual Studio 2012
Project("{FAE04EC0-301F-11D3-BF4B-00C04F79EFBC}") = "SqlIntro", "SqlIntro\SqlIntro.csproj", "{84F4533C-F72E-40C0-8787-5FA1ED9A2EB0}"
EndProject
Global
	GlobalSection(SolutionConfigurationPlatforms) = preSolution
		Debug|Any CPU = Debug|Any CPU
		Release|Any CPU = Release|Any CPU
	EndGlobalSection
	GlobalSection(ProjectConfigurationPlatforms) = postSolution
		{84F4533C-F72E-40C0-8787-5FA1ED9A2EB0}.Debug|Any CPU.ActiveCfg = Debug|Any CPU
		{84F4533C-F72E-40C0-8787-5FA1ED9A2EB0}.Debug|Any CPU.Build.0 = Debug|Any CPU
		{84F4533C-F72E-40C0-8787-5FA1ED9A2EB0}.Release|Any CPU.ActiveCfg = Release|Any CPU
		{84F4533C-F72E-40C0-8787-5FA1ED9A2EB0}.Release|Any CPU.Build.0 = Release|Any CPU
	EndGlobalSection
EndGlobal
